
Microsoft Visual Studio Solution File, Format Version 12.00
# Visual Studio Version 16
VisualStudioVersion = 16.0.31205.134
MinimumVisualStudioVersion = 10.0.40219.1
Project("{9A19103F-16F7-4668-BE54-9A1E7A4F7556}") = "EfsolApp.WPF", "EfsolApp.WPF\EfsolApp.WPF.csproj", "{68FC34E6-303D-4585-A5D7-598A8785A6EC}"
EndProject
Project("{FAE04EC0-301F-11D3-BF4B-00C04F79EFBC}") = "EfsolApp.WinForm2.1", "EfsolApp.WinForm\EfsolApp.WinForm2.1.csproj", "{2360391B-B115-48F4-B741-9AE1B61F8E39}"
EndProject
Project("{FAE04EC0-301F-11D3-BF4B-00C04F79EFBC}") = "EfsolApp.Console2.2", "EfsolApp.Console2.2\EfsolApp.Console2.2.csproj", "{58D59053-5D97-489B-A0D6-18C26D88B003}"
EndProject
Project("{FAE04EC0-301F-11D3-BF4B-00C04F79EFBC}") = "EfsolApp.Console2.3", "EfsolApp.Console2.3\EfsolApp.Console2.3.csproj", "{152A77B4-BB49-45DE-949E-E148AAA16A48}"
EndProject
Project("{FAE04EC0-301F-11D3-BF4B-00C04F79EFBC}") = "TestConsole3.1", "Test3.1\TestConsole3.1.csproj", "{64D6F9AC-2593-43E5-AB8C-79F5075A5831}"
EndProject
Project("{FAE04EC0-301F-11D3-BF4B-00C04F79EFBC}") = "Console.3.2", "Console.3.2\Console.3.2.csproj", "{FD89D960-60C9-4D75-9955-D049131F7AA7}"
EndProject
Project("{FAE04EC0-301F-11D3-BF4B-00C04F79EFBC}") = "ConsoleApp3.3", "ConsoleApp3.3\ConsoleApp3.3.csproj", "{7590FC04-CCE8-4D43-BAA4-392A75020922}"
EndProject
Project("{FAE04EC0-301F-11D3-BF4B-00C04F79EFBC}") = "ConsoleApp3.4", "ConsoleApp3.4\ConsoleApp3.4.csproj", "{865D2C2B-4016-4B06-A6E1-0BDC9224BF48}"
EndProject
Project("{FAE04EC0-301F-11D3-BF4B-00C04F79EFBC}") = "ConsoleApp3.5", "ConsoleApp3.5\ConsoleApp3.5.csproj", "{7CE8B988-13C7-482F-A26D-D240019C0A4C}"
EndProject
Project("{FAE04EC0-301F-11D3-BF4B-00C04F79EFBC}") = "ConsoleApp4.1", "ConsoleApp4.1\ConsoleApp4.1.csproj", "{6B46E4A7-6675-4E87-988A-32105667613A}"
EndProject
Project("{FAE04EC0-301F-11D3-BF4B-00C04F79EFBC}") = "ConsoleApp4.2", "ConsoleApp4.2\ConsoleApp4.2.csproj", "{79EB60B1-15A9-4C11-B84B-24EC2C92E6B4}"
EndProject
Project("{FAE04EC0-301F-11D3-BF4B-00C04F79EFBC}") = "ConsoleApp4.3", "ConsoleApp4.3\ConsoleApp4.3.csproj", "{D62B78AA-EE99-4631-B865-01E5918EEB59}"
EndProject
Global
	GlobalSection(SolutionConfigurationPlatforms) = preSolution
		Debug|Any CPU = Debug|Any CPU
		Release|Any CPU = Release|Any CPU
	EndGlobalSection
	GlobalSection(ProjectConfigurationPlatforms) = postSolution
		{68FC34E6-303D-4585-A5D7-598A8785A6EC}.Debug|Any CPU.ActiveCfg = Debug|Any CPU
		{68FC34E6-303D-4585-A5D7-598A8785A6EC}.Debug|Any CPU.Build.0 = Debug|Any CPU
		{68FC34E6-303D-4585-A5D7-598A8785A6EC}.Release|Any CPU.ActiveCfg = Release|Any CPU
		{68FC34E6-303D-4585-A5D7-598A8785A6EC}.Release|Any CPU.Build.0 = Release|Any CPU
		{2360391B-B115-48F4-B741-9AE1B61F8E39}.Debug|Any CPU.ActiveCfg = Debug|Any CPU
		{2360391B-B115-48F4-B741-9AE1B61F8E39}.Debug|Any CPU.Build.0 = Debug|Any CPU
		{2360391B-B115-48F4-B741-9AE1B61F8E39}.Release|Any CPU.ActiveCfg = Release|Any CPU
		{2360391B-B115-48F4-B741-9AE1B61F8E39}.Release|Any CPU.Build.0 = Release|Any CPU
		{58D59053-5D97-489B-A0D6-18C26D88B003}.Debug|Any CPU.ActiveCfg = Debug|Any CPU
		{58D59053-5D97-489B-A0D6-18C26D88B003}.Debug|Any CPU.Build.0 = Debug|Any CPU
		{58D59053-5D97-489B-A0D6-18C26D88B003}.Release|Any CPU.ActiveCfg = Release|Any CPU
		{58D59053-5D97-489B-A0D6-18C26D88B003}.Release|Any CPU.Build.0 = Release|Any CPU
		{152A77B4-BB49-45DE-949E-E148AAA16A48}.Debug|Any CPU.ActiveCfg = Debug|Any CPU
		{152A77B4-BB49-45DE-949E-E148AAA16A48}.Debug|Any CPU.Build.0 = Debug|Any CPU
		{152A77B4-BB49-45DE-949E-E148AAA16A48}.Release|Any CPU.ActiveCfg = Release|Any CPU
		{152A77B4-BB49-45DE-949E-E148AAA16A48}.Release|Any CPU.Build.0 = Release|Any CPU
		{64D6F9AC-2593-43E5-AB8C-79F5075A5831}.Debug|Any CPU.ActiveCfg = Debug|Any CPU
		{64D6F9AC-2593-43E5-AB8C-79F5075A5831}.Debug|Any CPU.Build.0 = Debug|Any CPU
		{64D6F9AC-2593-43E5-AB8C-79F5075A5831}.Release|Any CPU.ActiveCfg = Release|Any CPU
		{64D6F9AC-2593-43E5-AB8C-79F5075A5831}.Release|Any CPU.Build.0 = Release|Any CPU
		{FD89D960-60C9-4D75-9955-D049131F7AA7}.Debug|Any CPU.ActiveCfg = Debug|Any CPU
		{FD89D960-60C9-4D75-9955-D049131F7AA7}.Debug|Any CPU.Build.0 = Debug|Any CPU
		{FD89D960-60C9-4D75-9955-D049131F7AA7}.Release|Any CPU.ActiveCfg = Release|Any CPU
		{FD89D960-60C9-4D75-9955-D049131F7AA7}.Release|Any CPU.Build.0 = Release|Any CPU
		{7590FC04-CCE8-4D43-BAA4-392A75020922}.Debug|Any CPU.ActiveCfg = Debug|Any CPU
		{7590FC04-CCE8-4D43-BAA4-392A75020922}.Debug|Any CPU.Build.0 = Debug|Any CPU
		{7590FC04-CCE8-4D43-BAA4-392A75020922}.Release|Any CPU.ActiveCfg = Release|Any CPU
		{7590FC04-CCE8-4D43-BAA4-392A75020922}.Release|Any CPU.Build.0 = Release|Any CPU
		{865D2C2B-4016-4B06-A6E1-0BDC9224BF48}.Debug|Any CPU.ActiveCfg = Debug|Any CPU
		{865D2C2B-4016-4B06-A6E1-0BDC9224BF48}.Debug|Any CPU.Build.0 = Debug|Any CPU
		{865D2C2B-4016-4B06-A6E1-0BDC9224BF48}.Release|Any CPU.ActiveCfg = Release|Any CPU
		{865D2C2B-4016-4B06-A6E1-0BDC9224BF48}.Release|Any CPU.Build.0 = Release|Any CPU
		{7CE8B988-13C7-482F-A26D-D240019C0A4C}.Debug|Any CPU.ActiveCfg = Debug|Any CPU
		{7CE8B988-13C7-482F-A26D-D240019C0A4C}.Debug|Any CPU.Build.0 = Debug|Any CPU
		{7CE8B988-13C7-482F-A26D-D240019C0A4C}.Release|Any CPU.ActiveCfg = Release|Any CPU
		{7CE8B988-13C7-482F-A26D-D240019C0A4C}.Release|Any CPU.Build.0 = Release|Any CPU
		{6B46E4A7-6675-4E87-988A-32105667613A}.Debug|Any CPU.ActiveCfg = Debug|Any CPU
		{6B46E4A7-6675-4E87-988A-32105667613A}.Debug|Any CPU.Build.0 = Debug|Any CPU
		{6B46E4A7-6675-4E87-988A-32105667613A}.Release|Any CPU.ActiveCfg = Release|Any CPU
		{6B46E4A7-6675-4E87-988A-32105667613A}.Release|Any CPU.Build.0 = Release|Any CPU
		{79EB60B1-15A9-4C11-B84B-24EC2C92E6B4}.Debug|Any CPU.ActiveCfg = Debug|Any CPU
		{79EB60B1-15A9-4C11-B84B-24EC2C92E6B4}.Debug|Any CPU.Build.0 = Debug|Any CPU
		{79EB60B1-15A9-4C11-B84B-24EC2C92E6B4}.Release|Any CPU.ActiveCfg = Release|Any CPU
		{79EB60B1-15A9-4C11-B84B-24EC2C92E6B4}.Release|Any CPU.Build.0 = Release|Any CPU
		{D62B78AA-EE99-4631-B865-01E5918EEB59}.Debug|Any CPU.ActiveCfg = Debug|Any CPU
		{D62B78AA-EE99-4631-B865-01E5918EEB59}.Debug|Any CPU.Build.0 = Debug|Any CPU
		{D62B78AA-EE99-4631-B865-01E5918EEB59}.Release|Any CPU.ActiveCfg = Release|Any CPU
		{D62B78AA-EE99-4631-B865-01E5918EEB59}.Release|Any CPU.Build.0 = Release|Any CPU
	EndGlobalSection
	GlobalSection(SolutionProperties) = preSolution
		HideSolutionNode = FALSE
	EndGlobalSection
	GlobalSection(ExtensibilityGlobals) = postSolution
		SolutionGuid = {36235D67-B5D6-4816-852F-4F29CBBBA48B}
	EndGlobalSection
EndGlobal
